
Microsoft Visual Studio Solution File, Format Version 12.00
# Visual Studio 14
VisualStudioVersion = 14.0.25420.1
MinimumVisualStudioVersion = 10.0.40219.1
Project("{8BC9CEB8-8B4A-11D0-8D11-00A0C91BC942}") = "Core", "Core.vcxproj", "{52F752EA-73D1-422D-B805-17EF1FB20E09}"
EndProject
Project("{8BC9CEB8-8B4A-11D0-8D11-00A0C91BC942}") = "bzip2", "..\..\..\..\dep\bzip2\msvc\bzip2.vcxproj", "{792DF067-9904-4579-99B9-46C17277ADE3}"
EndProject
Global
	GlobalSection(SolutionConfigurationPlatforms) = preSolution
		Debug|Win32 = Debug|Win32
		Release|Win32 = Release|Win32
	EndGlobalSection
	GlobalSection(ProjectConfigurationPlatforms) = postSolution
		{52F752EA-73D1-422D-B805-17EF1FB20E09}.Debug|Win32.ActiveCfg = Debug|Win32
		{52F752EA-73D1-422D-B805-17EF1FB20E09}.Debug|Win32.Build.0 = Debug|Win32
		{52F752EA-73D1-422D-B805-17EF1FB20E09}.Release|Win32.ActiveCfg = Release|Win32
		{52F752EA-73D1-422D-B805-17EF1FB20E09}.Release|Win32.Build.0 = Release|Win32
		{792DF067-9904-4579-99B9-46C17277ADE3}.Debug|Win32.ActiveCfg = Debug|Win32
		{792DF067-9904-4579-99B9-46C17277ADE3}.Debug|Win32.Build.0 = Debug|Win32
		{792DF067-9904-4579-99B9-46C17277ADE3}.Release|Win32.ActiveCfg = Release|Win32
		{792DF067-9904-4579-99B9-46C17277ADE3}.Release|Win32.Build.0 = Release|Win32
	EndGlobalSection
	GlobalSection(SolutionProperties) = preSolution
		HideSolutionNode = FALSE
	EndGlobalSection
EndGlobal
