<?xml version="1.0" encoding="utf-8"?>
<Project ToolsVersion="4.0" xmlns="http://schemas.microsoft.com/developer/msbuild/2003">
  <ItemGroup>
    <Filter Include="src">
      <UniqueIdentifier>{4d99bbd6-4658-4bed-a29e-9322ec16db5a}</UniqueIdentifier>
    </Filter>
    <Filter Include="HLTV">
      <UniqueIdentifier>{c58ccefe-767c-4f0a-b075-c55e24d15263}</UniqueIdentifier>
    </Filter>
    <Filter Include="HLTV\common">
      <UniqueIdentifier>{ca1c7722-8e65-480d-9e3c-34f7f2524372}</UniqueIdentifier>
    </Filter>
    <Filter Include="src\hookers">
      <UniqueIdentifier>{1f62aa80-c3f7-4f97-a93e-5b67b153a751}</UniqueIdentifier>
    </Filter>
    <Filter Include="engine">
      <UniqueIdentifier>{8712d29d-6fec-42fb-9f6e-5618302f3203}</UniqueIdentifier>
    </Filter>
    <Filter Include="common">
      <UniqueIdentifier>{fab89dcf-8536-490e-81b3-d9bb29fce8c6}</UniqueIdentifier>
    </Filter>
  </ItemGroup>
  <ItemGroup>
    <ClCompile Include="..\src\DemoPlayer.cpp">
      <Filter>src</Filter>
    </ClCompile>
    <ClCompile Include="..\src\precompiled.cpp">
      <Filter>src</Filter>
    </ClCompile>
    <ClCompile Include="..\src\public_amalgamation.cpp">
      <Filter>src</Filter>
    </ClCompile>
    <ClCompile Include="..\..\common\common.cpp">
      <Filter>HLTV\common</Filter>
    </ClCompile>
    <ClCompile Include="..\..\common\BitBuffer.cpp">
      <Filter>HLTV\common</Filter>
    </ClCompile>
    <ClCompile Include="..\..\common\byteorder.cpp">
      <Filter>HLTV\common</Filter>
    </ClCompile>
    <ClCompile Include="..\..\common\DirectorCmd.cpp">
      <Filter>HLTV\common</Filter>
    </ClCompile>
    <ClCompile Include="..\..\common\mathlib.cpp">
      <Filter>HLTV\common</Filter>
    </ClCompile>
    <ClCompile Include="..\..\..\hookers\HLTV\DemoPlayer\hooklist.cpp">
      <Filter>src\hookers</Filter>
    </ClCompile>
    <ClCompile Include="..\..\..\hookers\HLTV\DemoPlayer\main.cpp">
      <Filter>src\hookers</Filter>
    </ClCompile>
    <ClCompile Include="..\..\..\common\BaseSystemModule.cpp">
      <Filter>common</Filter>
    </ClCompile>
    <ClCompile Include="..\..\..\common\ObjectDictionary.cpp">
      <Filter>common</Filter>
    </ClCompile>
    <ClCompile Include="..\..\..\common\ObjectList.cpp">
      <Filter>common</Filter>
    </ClCompile>
    <ClCompile Include="..\..\..\common\TokenLine.cpp">
      <Filter>common</Filter>
    </ClCompile>
    <ClCompile Include="..\..\..\engine\mem.cpp">
      <Filter>engine</Filter>
    </ClCompile>
  </ItemGroup>
  <ItemGroup>
    <ClInclude Include="..\src\DemoPlayer.h">
      <Filter>src</Filter>
    </ClInclude>
    <ClInclude Include="..\src\precompiled.h">
      <Filter>src</Filter>
    </ClInclude>
    <ClInclude Include="..\..\common\common_hltv.h">
      <Filter>HLTV\common</Filter>
    </ClInclude>
    <ClInclude Include="..\..\common\BitBuffer.h">
      <Filter>HLTV\common</Filter>
    </ClInclude>
    <ClInclude Include="..\..\common\byteorder.h">
      <Filter>HLTV\common</Filter>
    </ClInclude>
    <ClInclude Include="..\..\common\DirectorCmd.h">
      <Filter>HLTV\common</Filter>
    </ClInclude>
    <ClInclude Include="..\..\common\mathlib_internal.h">
      <Filter>HLTV\common</Filter>
    </ClInclude>
    <ClInclude Include="..\..\..\hookers\HLTV\DemoPlayer\hooklist.h">
      <Filter>src\hookers</Filter>
    </ClInclude>
    <ClInclude Include="..\..\..\common\BaseSystemModule.h">
      <Filter>common</Filter>
    </ClInclude>
    <ClInclude Include="..\..\..\common\ObjectDictionary.h">
      <Filter>common</Filter>
    </ClInclude>
    <ClInclude Include="..\..\..\common\ObjectList.h">
      <Filter>common</Filter>
    </ClInclude>
    <ClInclude Include="..\..\..\common\TokenLine.h">
      <Filter>common</Filter>
    </ClInclude>
    <ClInclude Include="..\..\..\engine\mem.h">
      <Filter>engine</Filter>
    </ClInclude>
    <ClInclude Include="..\..\common\DemoFile.h">
      <Filter>HLTV\common</Filter>
    </ClInclude>
  </ItemGroup>
</Project>