<?xml version="1.0" encoding="utf-8"?>
<Project ToolsVersion="4.0" xmlns="http://schemas.microsoft.com/developer/msbuild/2003">
  <ItemGroup>
    <Filter Include="src">
      <UniqueIdentifier>{4FC737F1-C7A5-4376-A066-2A32D752A2FF}</UniqueIdentifier>
      <Extensions>cpp;c;cc;cxx;def;odl;idl;hpj;bat;asm;asmx</Extensions>
    </Filter>
    <Filter Include="src\vgui">
      <UniqueIdentifier>{711de26d-f116-48c0-96c0-5d4189574ad1}</UniqueIdentifier>
    </Filter>
    <Filter Include="common">
      <UniqueIdentifier>{c464f3ce-2fb5-4a0e-bda1-388b49b46871}</UniqueIdentifier>
    </Filter>
    <Filter Include="engine">
      <UniqueIdentifier>{565e56ff-60b6-4708-9749-010284e122a1}</UniqueIdentifier>
    </Filter>
  </ItemGroup>
  <ItemGroup>
    <ClInclude Include="resource.h" />
    <ClInclude Include="..\src\precompiled.h">
      <Filter>src</Filter>
    </ClInclude>
    <ClInclude Include="..\src\sys_ded.h">
      <Filter>src</Filter>
    </ClInclude>
    <ClInclude Include="..\src\dedicated.h">
      <Filter>src</Filter>
    </ClInclude>
    <ClInclude Include="..\src\conproc.h">
      <Filter>src</Filter>
    </ClInclude>
    <ClInclude Include="..\src\vgui\vguihelpers.h">
      <Filter>src\vgui</Filter>
    </ClInclude>
    <ClInclude Include="..\..\common\ObjectList.h">
      <Filter>common</Filter>
    </ClInclude>
    <ClInclude Include="..\..\common\textconsole.h">
      <Filter>common</Filter>
    </ClInclude>
    <ClInclude Include="..\..\common\TextConsoleUnix.h">
      <Filter>common</Filter>
    </ClInclude>
    <ClInclude Include="..\..\common\TextConsoleWin32.h">
      <Filter>common</Filter>
    </ClInclude>
    <ClInclude Include="..\..\common\SteamAppStartUp.h">
      <Filter>common</Filter>
    </ClInclude>
    <ClInclude Include="..\..\common\minidump.h">
      <Filter>common</Filter>
    </ClInclude>
  </ItemGroup>
  <ItemGroup>
    <ClCompile Include="..\src\sys_ded.cpp">
      <Filter>src</Filter>
    </ClCompile>
    <ClCompile Include="..\src\precompiled.cpp">
      <Filter>src</Filter>
    </ClCompile>
    <ClCompile Include="..\src\public_amalgamation.cpp">
      <Filter>src</Filter>
    </ClCompile>
    <ClCompile Include="..\src\sys_linux.cpp">
      <Filter>src</Filter>
    </ClCompile>
    <ClCompile Include="..\src\sys_window.cpp">
      <Filter>src</Filter>
    </ClCompile>
    <ClCompile Include="..\src\conproc.cpp">
      <Filter>src</Filter>
    </ClCompile>
    <ClCompile Include="..\src\vgui\vguihelpers.cpp">
      <Filter>src\vgui</Filter>
    </ClCompile>
    <ClCompile Include="..\src\dedicated_exports.cpp">
      <Filter>src</Filter>
    </ClCompile>
    <ClCompile Include="..\..\common\ObjectList.cpp">
      <Filter>common</Filter>
    </ClCompile>
    <ClCompile Include="..\..\common\TextConsoleUnix.cpp">
      <Filter>common</Filter>
    </ClCompile>
    <ClCompile Include="..\..\common\TextConsoleWin32.cpp">
      <Filter>common</Filter>
    </ClCompile>
    <ClCompile Include="..\..\common\textconsole.cpp">
      <Filter>common</Filter>
    </ClCompile>
    <ClCompile Include="..\..\common\SteamAppStartUp.cpp">
      <Filter>common</Filter>
    </ClCompile>
    <ClCompile Include="..\..\engine\mem.cpp">
      <Filter>engine</Filter>
    </ClCompile>
    <ClCompile Include="..\..\common\commandline.cpp">
      <Filter>src</Filter>
    </ClCompile>
    <ClCompile Include="..\..\common\minidump.cpp">
      <Filter>common</Filter>
    </ClCompile>
  </ItemGroup>
  <ItemGroup>
    <Image Include="icon.ico" />
  </ItemGroup>
  <ItemGroup>
    <ResourceCompile Include="dedicated.rc" />
  </ItemGroup>
</Project>